
Microsoft Visual Studio Solution File, Format Version 12.00
# Visual Studio Version 17
VisualStudioVersion = 17.5.33209.295
MinimumVisualStudioVersion = 10.0.40219.1
Project("{FAE04EC0-301F-11D3-BF4B-00C04F79EFBC}") = "MobileConfiguration", "MobileConfiguration.csproj", "{57BB2307-565F-4A70-B3AA-685FDEFCCCFA}"
EndProject
Global
	GlobalSection(SolutionConfigurationPlatforms) = preSolution
		Debug|Any CPU = Debug|Any CPU
		Release|Any CPU = Release|Any CPU
	EndGlobalSection
	GlobalSection(ProjectConfigurationPlatforms) = postSolution
		{57BB2307-565F-4A70-B3AA-685FDEFCCCFA}.Debug|Any CPU.ActiveCfg = Debug|Any CPU
		{57BB2307-565F-4A70-B3AA-685FDEFCCCFA}.Debug|Any CPU.Build.0 = Debug|Any CPU
		{57BB2307-565F-4A70-B3AA-685FDEFCCCFA}.Release|Any CPU.ActiveCfg = Release|Any CPU
		{57BB2307-565F-4A70-B3AA-685FDEFCCCFA}.Release|Any CPU.Build.0 = Release|Any CPU
	EndGlobalSection
	GlobalSection(SolutionProperties) = preSolution
		HideSolutionNode = FALSE
	EndGlobalSection
	GlobalSection(ExtensibilityGlobals) = postSolution
		SolutionGuid = {ABD342AA-9A72-4295-A6ED-3B152754C508}
	EndGlobalSection
EndGlobal
